# This file was autogenerated by uv via the following command:
#    uv export --no-hashes
-e .
attrs==23.2.0
click==8.3.1
colorama==0.4.6 ; sys_platform == 'win32'
coverage==7.14.0
dill==0.4.1
execnet==2.1.2
frozendict==2.4.7
gitdb==4.0.12
gitpython==3.1.46
gprof2dot==2025.4.14
humanfriendly==10.0
iniconfig==2.3.0
jsonschema==4.26.0
jsonschema-specifications==2025.9.1
markdown-it-py==4.0.0
mdurl==0.1.2
mpire==2.10.2
multiprocess==0.70.19
packaging==24.2
pluggy==1.6.0
pprintpp==0.4.0
prompt-toolkit==3.0.52
psutil==5.9.8
py-rattler==0.22.0
pygments==2.19.2
pyreadline3==3.5.4 ; sys_platform == 'win32'
pytest==8.4.2
pytest-clarity==1.0.1
pytest-cov==4.1.0
pytest-mock==3.15.1
pytest-profiling==1.8.1
pytest-repeat==0.9.4
pytest-subprocess==1.6.0
pytest-xdist==3.8.0
pywin32==311 ; sys_platform == 'win32'
questionary==2.1.1
referencing==0.37.0
rich==14.3.3
rich-click==1.9.7
rpds-py==0.30.0
ruamel-yaml==0.17.40
ruamel-yaml-clib==0.2.15 ; python_full_version < '3.13' and platform_python_implementation == 'CPython'
ruff==0.15.13
semver==3.0.4
six==1.17.0
smmap==5.0.2
tomli==2.4.1 ; python_full_version <= '3.11'
tqdm==4.67.3
ty==0.0.38
types-humanfriendly==10.0.1.20250319
types-jsonschema==4.26.0.20260518
types-psutil==5.9.5.20240516
typing-extensions==4.15.0 ; python_full_version < '3.13'
wcwidth==0.6.0
xxhash==3.6.0
